Microsoft Visual Studio Solution File, Format Version 12.00
# Visual Studio Version 17
VisualStudioVersion = 17.0.31903.59
MinimumVisualStudioVersion = 10.0.40219.1
Project("{2150E333-8FDC-42A3-9474-1A3956D46DE8}") = "src", "src", "{FEDFAE83-4630-4D06-A6F1-D60957E44EA6}"
EndProject
Project("{9A19103F-16F7-4668-BE54-9A1E7A4F7556}") = "CleanArchitecture", "src\CleanArchitecture\CleanArchitecture.csproj", "{94EEA393-1073-4715-9DB6-11188902DEA9}"
EndProject
Project("{2150E333-8FDC-42A3-9474-1A3956D46DE8}") = "Solution Items", "Solution Items", "{323399AD-7965-419C-8CB4-3D2B8DA1F092}"
	ProjectSection(SolutionItems) = preProject
		.editorconfig = .editorconfig
		.gitignore = .gitignore
		Directory.Packages.props = Directory.Packages.props
		README.md = README.md
	EndProjectSection
EndProject
Project("{9A19103F-16F7-4668-BE54-9A1E7A4F7556}") = "CleanArchitecture.UnitTest", "src\CleanArchitecture.UnitTest\CleanArchitecture.UnitTest.csproj", "{96C06FA3-C2DB-4FEC-9E21-B94B7042344F}"
EndProject
Project("{9A19103F-16F7-4668-BE54-9A1E7A4F7556}") = "CleanArchitecture.IntegrationTest", "src\CleanArchitecture.IntegrationTest\CleanArchitecture.IntegrationTest.csproj", "{C1D83BB3-18AC-4D2E-8DF5-8482242E5987}"
EndProject
Project("{9A19103F-16F7-4668-BE54-9A1E7A4F7556}") = "CleanArchitecture.Shared", "src\CleanArchitecture.Shared\CleanArchitecture.Shared.csproj", "{54643CBD-C1BF-49A6-9F9C-63B4D8BA62B7}"
EndProject
Global
	GlobalSection(SolutionConfigurationPlatforms) = preSolution
		Debug|Any CPU = Debug|Any CPU
		Release|Any CPU = Release|Any CPU
	EndGlobalSection
	GlobalSection(ProjectConfigurationPlatforms) = postSolution
		{94EEA393-1073-4715-9DB6-11188902DEA9}.Debug|Any CPU.ActiveCfg = Debug|Any CPU
		{94EEA393-1073-4715-9DB6-11188902DEA9}.Debug|Any CPU.Build.0 = Debug|Any CPU
		{94EEA393-1073-4715-9DB6-11188902DEA9}.Release|Any CPU.ActiveCfg = Release|Any CPU
		{94EEA393-1073-4715-9DB6-11188902DEA9}.Release|Any CPU.Build.0 = Release|Any CPU
		{96C06FA3-C2DB-4FEC-9E21-B94B7042344F}.Debug|Any CPU.ActiveCfg = Debug|Any CPU
		{96C06FA3-C2DB-4FEC-9E21-B94B7042344F}.Debug|Any CPU.Build.0 = Debug|Any CPU
		{96C06FA3-C2DB-4FEC-9E21-B94B7042344F}.Release|Any CPU.ActiveCfg = Release|Any CPU
		{96C06FA3-C2DB-4FEC-9E21-B94B7042344F}.Release|Any CPU.Build.0 = Release|Any CPU
		{C1D83BB3-18AC-4D2E-8DF5-8482242E5987}.Debug|Any CPU.ActiveCfg = Debug|Any CPU
		{C1D83BB3-18AC-4D2E-8DF5-8482242E5987}.Debug|Any CPU.Build.0 = Debug|Any CPU
		{C1D83BB3-18AC-4D2E-8DF5-8482242E5987}.Release|Any CPU.ActiveCfg = Release|Any CPU
		{C1D83BB3-18AC-4D2E-8DF5-8482242E5987}.Release|Any CPU.Build.0 = Release|Any CPU
		{54643CBD-C1BF-49A6-9F9C-63B4D8BA62B7}.Debug|Any CPU.ActiveCfg = Debug|Any CPU
		{54643CBD-C1BF-49A6-9F9C-63B4D8BA62B7}.Debug|Any CPU.Build.0 = Debug|Any CPU
		{54643CBD-C1BF-49A6-9F9C-63B4D8BA62B7}.Release|Any CPU.ActiveCfg = Release|Any CPU
		{54643CBD-C1BF-49A6-9F9C-63B4D8BA62B7}.Release|Any CPU.Build.0 = Release|Any CPU
	EndGlobalSection
	GlobalSection(SolutionProperties) = preSolution
		HideSolutionNode = FALSE
	EndGlobalSection
	GlobalSection(NestedProjects) = preSolution
		{94EEA393-1073-4715-9DB6-11188902DEA9} = {FEDFAE83-4630-4D06-A6F1-D60957E44EA6}
		{96C06FA3-C2DB-4FEC-9E21-B94B7042344F} = {FEDFAE83-4630-4D06-A6F1-D60957E44EA6}
		{C1D83BB3-18AC-4D2E-8DF5-8482242E5987} = {FEDFAE83-4630-4D06-A6F1-D60957E44EA6}
		{54643CBD-C1BF-49A6-9F9C-63B4D8BA62B7} = {FEDFAE83-4630-4D06-A6F1-D60957E44EA6}
	EndGlobalSection
	GlobalSection(ExtensibilityGlobals) = postSolution
		SolutionGuid = {F4A639A9-8267-47FF-A412-6E8A56B716B7}
	EndGlobalSection
EndGlobal
